
Microsoft Visual Studio Solution File, Format Version 12.00
# Visual Studio 2012
Project("{FAE04EC0-301F-11D3-BF4B-00C04F79EFBC}") = "DataAccessComponents.Interface", "DataAccessComponents.Interface\DataAccessComponents.Interface.csproj", "{E81B00AD-4645-4D5D-96D6-89791F81415A}"
EndProject
Project("{FAE04EC0-301F-11D3-BF4B-00C04F79EFBC}") = "DataAccessComponents.Code", "DataAccessComponents.Code\DataAccessComponents.Code.csproj", "{D71297C8-4578-4547-B847-C70D490C6219}"
EndProject
Project("{FAE04EC0-301F-11D3-BF4B-00C04F79EFBC}") = "DataAccessComponents.Scripts", "DataAccessComponents.Scripts\DataAccessComponents.Scripts.csproj", "{C74A036C-B0A4-47D8-8185-10D92C46CEAE}"
EndProject
Project("{FAE04EC0-301F-11D3-BF4B-00C04F79EFBC}") = "DataAccessComponents.Tests", "DataAccessComponents.Tests\DataAccessComponents.Tests.csproj", "{396B8619-489C-4F90-842E-DC147DD663F5}"
EndProject
Project("{FAE04EC0-301F-11D3-BF4B-00C04F79EFBC}") = "DataAccessComponents.Benchmark", "DataAccessComponents.Benchmark\DataAccessComponents.Benchmark.csproj", "{93DC4CC4-030A-451D-AC33-E2B04A65EA2D}"
EndProject
Project("{FAE04EC0-301F-11D3-BF4B-00C04F79EFBC}") = "DataAccessComponents.Factory", "DataAccessComponents.Factory\DataAccessComponents.Factory.csproj", "{C2200AFA-E1FE-43B6-B291-A7DC1FE72CB4}"
EndProject
Project("{FAE04EC0-301F-11D3-BF4B-00C04F79EFBC}") = "DataAccessComponents.Snippets", "DataAccessComponents.Snippets\DataAccessComponents.Snippets.csproj", "{54F5D9EA-A162-486F-826A-1FCF1E62CBB8}"
EndProject
Project("{FAE04EC0-301F-11D3-BF4B-00C04F79EFBC}") = "BusinessLogicComponents.Interface", "BusinessLogicComponents.Interface\BusinessLogicComponents.Interface.csproj", "{05B9467C-F338-4A99-A75C-CAE32923D13B}"
EndProject
Project("{FAE04EC0-301F-11D3-BF4B-00C04F79EFBC}") = "BusinessLogicComponents.Code", "BusinessLogicComponents.Code\BusinessLogicComponents.Code.csproj", "{210D565B-BD61-4D9A-9A28-7109B6E54ED7}"
EndProject
Project("{FAE04EC0-301F-11D3-BF4B-00C04F79EFBC}") = "Infrastructure.Code", "Infrastructure.Code\Infrastructure.Code.csproj", "{9E727235-A262-4393-BE68-A38B6BF44D3A}"
EndProject
Project("{FAE04EC0-301F-11D3-BF4B-00C04F79EFBC}") = "BusinessLogicComponents.Tests", "BusinessLogicComponents.Tests\BusinessLogicComponents.Tests.csproj", "{3492F51F-1AC3-49B7-8BF1-834E71F1B32A}"
EndProject
Project("{FAE04EC0-301F-11D3-BF4B-00C04F79EFBC}") = "BusinessLogicComponents.Factory", "BusinessLogicComponents.Factory\BusinessLogicComponents.Factory.csproj", "{682B5F82-84F5-4E16-BEAD-9F3F18EE5CE4}"
EndProject
Project("{FAE04EC0-301F-11D3-BF4B-00C04F79EFBC}") = "BusinessLogicComponents.Snippets", "BusinessLogicComponents.Snippets\BusinessLogicComponents.Snippets.csproj", "{CBAA8BC1-C3CB-4CD6-BF2E-ECD89BBB4FA5}"
EndProject
Project("{FAE04EC0-301F-11D3-BF4B-00C04F79EFBC}") = "ServiceComponents.Interface", "ServiceComponents.Interface\ServiceComponents.Interface.csproj", "{E1DFCC37-BF4C-453D-B5E2-DCDE24546AB9}"
EndProject
Project("{FAE04EC0-301F-11D3-BF4B-00C04F79EFBC}") = "ServiceComponents.Code", "ServiceComponents.Code\ServiceComponents.Code.csproj", "{FF61B623-C258-4013-B59E-B1EA9EBB2B39}"
EndProject
Project("{FAE04EC0-301F-11D3-BF4B-00C04F79EFBC}") = "ServiceComponents.Tests", "ServiceComponents.Tests\ServiceComponents.Tests.csproj", "{D7FF2425-17F0-4F19-A28E-598043EFA033}"
EndProject
Project("{FAE04EC0-301F-11D3-BF4B-00C04F79EFBC}") = "ServiceComponents.Snippets", "ServiceComponents.Snippets\ServiceComponents.Snippets.csproj", "{EC6750FE-2854-47C3-A50A-1FD9DAAF404D}"
EndProject
Project("{FAE04EC0-301F-11D3-BF4B-00C04F79EFBC}") = "ServiceComponents.Factory", "ServiceComponents.Factory\ServiceComponents.Factory.csproj", "{B1BD5820-130D-4659-80FB-44896EADEFBF}"
EndProject
Global
	GlobalSection(SolutionConfigurationPlatforms) = preSolution
		Debug|Any CPU = Debug|Any CPU
		Release|Any CPU = Release|Any CPU
	EndGlobalSection
	GlobalSection(ProjectConfigurationPlatforms) = postSolution
		{05B9467C-F338-4A99-A75C-CAE32923D13B}.Debug|Any CPU.ActiveCfg = Debug|Any CPU
		{05B9467C-F338-4A99-A75C-CAE32923D13B}.Debug|Any CPU.Build.0 = Debug|Any CPU
		{05B9467C-F338-4A99-A75C-CAE32923D13B}.Release|Any CPU.ActiveCfg = Release|Any CPU
		{05B9467C-F338-4A99-A75C-CAE32923D13B}.Release|Any CPU.Build.0 = Release|Any CPU
		{210D565B-BD61-4D9A-9A28-7109B6E54ED7}.Debug|Any CPU.ActiveCfg = Debug|Any CPU
		{210D565B-BD61-4D9A-9A28-7109B6E54ED7}.Debug|Any CPU.Build.0 = Debug|Any CPU
		{210D565B-BD61-4D9A-9A28-7109B6E54ED7}.Release|Any CPU.ActiveCfg = Release|Any CPU
		{210D565B-BD61-4D9A-9A28-7109B6E54ED7}.Release|Any CPU.Build.0 = Release|Any CPU
		{3492F51F-1AC3-49B7-8BF1-834E71F1B32A}.Debug|Any CPU.ActiveCfg = Debug|Any CPU
		{3492F51F-1AC3-49B7-8BF1-834E71F1B32A}.Debug|Any CPU.Build.0 = Debug|Any CPU
		{3492F51F-1AC3-49B7-8BF1-834E71F1B32A}.Release|Any CPU.ActiveCfg = Release|Any CPU
		{3492F51F-1AC3-49B7-8BF1-834E71F1B32A}.Release|Any CPU.Build.0 = Release|Any CPU
		{396B8619-489C-4F90-842E-DC147DD663F5}.Debug|Any CPU.ActiveCfg = Debug|Any CPU
		{396B8619-489C-4F90-842E-DC147DD663F5}.Debug|Any CPU.Build.0 = Debug|Any CPU
		{396B8619-489C-4F90-842E-DC147DD663F5}.Release|Any CPU.ActiveCfg = Release|Any CPU
		{396B8619-489C-4F90-842E-DC147DD663F5}.Release|Any CPU.Build.0 = Release|Any CPU
		{54F5D9EA-A162-486F-826A-1FCF1E62CBB8}.Debug|Any CPU.ActiveCfg = Debug|Any CPU
		{54F5D9EA-A162-486F-826A-1FCF1E62CBB8}.Release|Any CPU.ActiveCfg = Release|Any CPU
		{54F5D9EA-A162-486F-826A-1FCF1E62CBB8}.Release|Any CPU.Build.0 = Release|Any CPU
		{682B5F82-84F5-4E16-BEAD-9F3F18EE5CE4}.Debug|Any CPU.ActiveCfg = Debug|Any CPU
		{682B5F82-84F5-4E16-BEAD-9F3F18EE5CE4}.Release|Any CPU.ActiveCfg = Release|Any CPU
		{682B5F82-84F5-4E16-BEAD-9F3F18EE5CE4}.Release|Any CPU.Build.0 = Release|Any CPU
		{93DC4CC4-030A-451D-AC33-E2B04A65EA2D}.Debug|Any CPU.ActiveCfg = Debug|Any CPU
		{93DC4CC4-030A-451D-AC33-E2B04A65EA2D}.Debug|Any CPU.Build.0 = Debug|Any CPU
		{93DC4CC4-030A-451D-AC33-E2B04A65EA2D}.Release|Any CPU.ActiveCfg = Release|Any CPU
		{93DC4CC4-030A-451D-AC33-E2B04A65EA2D}.Release|Any CPU.Build.0 = Release|Any CPU
		{9E727235-A262-4393-BE68-A38B6BF44D3A}.Debug|Any CPU.ActiveCfg = Debug|Any CPU
		{9E727235-A262-4393-BE68-A38B6BF44D3A}.Debug|Any CPU.Build.0 = Debug|Any CPU
		{9E727235-A262-4393-BE68-A38B6BF44D3A}.Release|Any CPU.ActiveCfg = Release|Any CPU
		{9E727235-A262-4393-BE68-A38B6BF44D3A}.Release|Any CPU.Build.0 = Release|Any CPU
		{B1BD5820-130D-4659-80FB-44896EADEFBF}.Debug|Any CPU.ActiveCfg = Debug|Any CPU
		{B1BD5820-130D-4659-80FB-44896EADEFBF}.Release|Any CPU.ActiveCfg = Release|Any CPU
		{B1BD5820-130D-4659-80FB-44896EADEFBF}.Release|Any CPU.Build.0 = Release|Any CPU
		{C2200AFA-E1FE-43B6-B291-A7DC1FE72CB4}.Debug|Any CPU.ActiveCfg = Debug|Any CPU
		{C2200AFA-E1FE-43B6-B291-A7DC1FE72CB4}.Release|Any CPU.ActiveCfg = Release|Any CPU
		{C2200AFA-E1FE-43B6-B291-A7DC1FE72CB4}.Release|Any CPU.Build.0 = Release|Any CPU
		{C74A036C-B0A4-47D8-8185-10D92C46CEAE}.Debug|Any CPU.ActiveCfg = Debug|Any CPU
		{C74A036C-B0A4-47D8-8185-10D92C46CEAE}.Release|Any CPU.ActiveCfg = Release|Any CPU
		{C74A036C-B0A4-47D8-8185-10D92C46CEAE}.Release|Any CPU.Build.0 = Release|Any CPU
		{CBAA8BC1-C3CB-4CD6-BF2E-ECD89BBB4FA5}.Debug|Any CPU.ActiveCfg = Debug|Any CPU
		{CBAA8BC1-C3CB-4CD6-BF2E-ECD89BBB4FA5}.Release|Any CPU.ActiveCfg = Release|Any CPU
		{CBAA8BC1-C3CB-4CD6-BF2E-ECD89BBB4FA5}.Release|Any CPU.Build.0 = Release|Any CPU
		{D71297C8-4578-4547-B847-C70D490C6219}.Debug|Any CPU.ActiveCfg = Debug|Any CPU
		{D71297C8-4578-4547-B847-C70D490C6219}.Debug|Any CPU.Build.0 = Debug|Any CPU
		{D71297C8-4578-4547-B847-C70D490C6219}.Release|Any CPU.ActiveCfg = Release|Any CPU
		{D71297C8-4578-4547-B847-C70D490C6219}.Release|Any CPU.Build.0 = Release|Any CPU
		{D7FF2425-17F0-4F19-A28E-598043EFA033}.Debug|Any CPU.ActiveCfg = Debug|Any CPU
		{D7FF2425-17F0-4F19-A28E-598043EFA033}.Debug|Any CPU.Build.0 = Debug|Any CPU
		{D7FF2425-17F0-4F19-A28E-598043EFA033}.Release|Any CPU.ActiveCfg = Release|Any CPU
		{D7FF2425-17F0-4F19-A28E-598043EFA033}.Release|Any CPU.Build.0 = Release|Any CPU
		{E1DFCC37-BF4C-453D-B5E2-DCDE24546AB9}.Debug|Any CPU.ActiveCfg = Debug|Any CPU
		{E1DFCC37-BF4C-453D-B5E2-DCDE24546AB9}.Debug|Any CPU.Build.0 = Debug|Any CPU
		{E1DFCC37-BF4C-453D-B5E2-DCDE24546AB9}.Release|Any CPU.ActiveCfg = Release|Any CPU
		{E1DFCC37-BF4C-453D-B5E2-DCDE24546AB9}.Release|Any CPU.Build.0 = Release|Any CPU
		{E81B00AD-4645-4D5D-96D6-89791F81415A}.Debug|Any CPU.ActiveCfg = Debug|Any CPU
		{E81B00AD-4645-4D5D-96D6-89791F81415A}.Debug|Any CPU.Build.0 = Debug|Any CPU
		{E81B00AD-4645-4D5D-96D6-89791F81415A}.Release|Any CPU.ActiveCfg = Release|Any CPU
		{E81B00AD-4645-4D5D-96D6-89791F81415A}.Release|Any CPU.Build.0 = Release|Any CPU
		{EC6750FE-2854-47C3-A50A-1FD9DAAF404D}.Debug|Any CPU.ActiveCfg = Debug|Any CPU
		{EC6750FE-2854-47C3-A50A-1FD9DAAF404D}.Release|Any CPU.ActiveCfg = Release|Any CPU
		{EC6750FE-2854-47C3-A50A-1FD9DAAF404D}.Release|Any CPU.Build.0 = Release|Any CPU
		{FF61B623-C258-4013-B59E-B1EA9EBB2B39}.Debug|Any CPU.ActiveCfg = Debug|Any CPU
		{FF61B623-C258-4013-B59E-B1EA9EBB2B39}.Debug|Any CPU.Build.0 = Debug|Any CPU
		{FF61B623-C258-4013-B59E-B1EA9EBB2B39}.Release|Any CPU.ActiveCfg = Release|Any CPU
		{FF61B623-C258-4013-B59E-B1EA9EBB2B39}.Release|Any CPU.Build.0 = Release|Any CPU
	EndGlobalSection
	GlobalSection(SolutionProperties) = preSolution
		HideSolutionNode = FALSE
	EndGlobalSection
EndGlobal
